
Microsoft Visual Studio Solution File, Format Version 12.00
# Visual Studio Version 17
VisualStudioVersion = 17.5.002.0
MinimumVisualStudioVersion = 10.0.40219.1
Project("{9A19103F-16F7-4668-BE54-9A1E7A4F7556}") = "Hometask1", "Hometask1\Hometask1.csproj", "{F9D4B8B8-8DAC-45A9-A878-08DE52DA02FC}"
EndProject
Global
	GlobalSection(SolutionConfigurationPlatforms) = preSolution
		Debug|Any CPU = Debug|Any CPU
		Release|Any CPU = Release|Any CPU
	EndGlobalSection
	GlobalSection(ProjectConfigurationPlatforms) = postSolution
		{F9D4B8B8-8DAC-45A9-A878-08DE52DA02FC}.Debug|Any CPU.ActiveCfg = Debug|Any CPU
		{F9D4B8B8-8DAC-45A9-A878-08DE52DA02FC}.Debug|Any CPU.Build.0 = Debug|Any CPU
		{F9D4B8B8-8DAC-45A9-A878-08DE52DA02FC}.Release|Any CPU.ActiveCfg = Release|Any CPU
		{F9D4B8B8-8DAC-45A9-A878-08DE52DA02FC}.Release|Any CPU.Build.0 = Release|Any CPU
	EndGlobalSection
	GlobalSection(SolutionProperties) = preSolution
		HideSolutionNode = FALSE
	EndGlobalSection
	GlobalSection(ExtensibilityGlobals) = postSolution
		SolutionGuid = {E5CC734E-9B96-4B5D-9F72-947B5E7BD853}
	EndGlobalSection
EndGlobal
